{
  "version": 4,
  "terraform_version": "1.8.3",
  "serial": 34,
  "lineage": "b6f17eb5-43ee-26e0-ac1a-c3bf84e91c7c",
  "outputs": {
    "cluster_certificate_authority_data": {
      "value": "LS0tLS1CRUdJTiBDRVJUSUZJQ0FURS0tLS0tCk1JSURCVENDQWUyZ0F3SUJBZ0lJSWw3Tld5Z3BSTFF3RFFZSktvWklodmNOQVFFTEJRQXdGVEVUTUJFR0ExVUUKQXhNS2EzVmlaWEp1WlhSbGN6QWVGdzB5TkRBMk1ETXhOek15TlRkYUZ3MHpOREEyTURFeE56TTNOVGRhTUJVeApFekFSQmdOVkJBTVRDbXQxWW1WeWJtVjBaWE13Z2dFaU1BMEdDU3FHU0liM0RRRUJBUVVBQTRJQkR3QXdnZ0VLCkFvSUJBUUR2M0VmTElUMnhTWXh0eGduaTQ3MWhvcWpuc1Q2OHFsSHRqK01mU1B5WkhuTkpQemZTbmVRZWtCVzkKSTgrcytyK1hNK0xlOHFzK0hMK25PRHBYZWlaNi9NYWMyNm1sOXBwYlUvTy9PQ2pESHc2N0xXeTlFRm0zR3lOQgpuSVlXbVYvaFg5eXBjRWxaSHNtQkFoeFJWUzU2VWcxODRBMTEvTnl4aWw3VUE3VlgwSVo3blFtNis2alpKZnB2CjVLazZ1cXJYYTkyZ0VIRGhPRytzclNSYTVGMStLa1NGWjV0UFJ6QVFNdjhWQXpZbG94YklEME94d1pSYWt6SXYKcGdhd2lDaEhGRUdjSzBJM1JNL0dKZWdLMkpFQ2hkUzNRQ29mM091K3hydllBMDJoSkVSWnhzYlpaZ3Fpby9uSwpGSXVoSEQyYmtDcjkwMjhCWU1CaEhxQVBtWVhaQWdNQkFBR2pXVEJYTUE0R0ExVWREd0VCL3dRRUF3SUNwREFQCkJnTlZIUk1CQWY4RUJUQURBUUgvTUIwR0ExVWREZ1FXQkJUV3Z0RnEvdmdIaUYrTnpiNFpOMnV5R0Z3VUF6QVYKQmdOVkhSRUVEakFNZ2dwcmRXSmxjbTVsZEdWek1BMEdDU3FHU0liM0RRRUJDd1VBQTRJQkFRRHEzQlNWRUxTQwpOaDZxcUgxdXRhenRmdnNLbHZZZWJST1VWWHI1cTZjS09LQzZmbW1nLzJROUgzbGhISkhqNmNod2VWQy9ZNnhyCjZRT1NMMjBiYVgrR0RkQ2tscUtaYW5TZkwwdVZWT0JDcWpDM3lCR3U4V1ZDbGJBWjlIUGl2QjRWRlhBVlIyclcKbUdNWmloNmNxd1dHcm53YlRaTW5Fd0FXeERocFpXV0c0R21UTUd0UnBHYnBacUFOQ0NvTHV0VHZuWGtCNkdYZgpEL1d6Ym1hNlBnMmFZY201LzVlZ0pSWUVKRkdxVkdVcFg2SnBhSjJCSlRXUzJrdGswdG5qWjRVWm5weEVwYUJDCm5hN1Byd0pGTHczazh6bkVLbm1tUmN3NWtCdXBQUmZBbTdHakJXVlN4UWZmRjBYakdkSUp0bWhlc2pRK3dFcXUKampwWG9wZ1NrS3JFCi0tLS0tRU5EIENFUlRJRklDQVRFLS0tLS0K",
      "type": "string"
    },
    "cluster_endpoint": {
      "value": "https://324009DCE3AE01AF06438A3AC3CAA072.gr7.us-west-2.eks.amazonaws.com",
      "type": "string"
    }
  },
  "resources": [
    {
      "mode": "managed",
      "type": "aws_eks_cluster",
      "name": "example",
      "provider": "provider[\"registry.terraform.io/hashicorp/aws\"]",
      "instances": [
        {
          "schema_version": 0,
          "attributes": {
            "access_config": [
              {
                "authentication_mode": "CONFIG_MAP",
                "bootstrap_cluster_creator_admin_permissions": false
              }
            ],
            "arn": "arn:aws:eks:us-west-2:891377040865:cluster/example-cluster",
            "certificate_authority": [
              {
                "data": "LS0tLS1CRUdJTiBDRVJUSUZJQ0FURS0tLS0tCk1JSURCVENDQWUyZ0F3SUJBZ0lJSWw3Tld5Z3BSTFF3RFFZSktvWklodmNOQVFFTEJRQXdGVEVUTUJFR0ExVUUKQXhNS2EzVmlaWEp1WlhSbGN6QWVGdzB5TkRBMk1ETXhOek15TlRkYUZ3MHpOREEyTURFeE56TTNOVGRhTUJVeApFekFSQmdOVkJBTVRDbXQxWW1WeWJtVjBaWE13Z2dFaU1BMEdDU3FHU0liM0RRRUJBUVVBQTRJQkR3QXdnZ0VLCkFvSUJBUUR2M0VmTElUMnhTWXh0eGduaTQ3MWhvcWpuc1Q2OHFsSHRqK01mU1B5WkhuTkpQemZTbmVRZWtCVzkKSTgrcytyK1hNK0xlOHFzK0hMK25PRHBYZWlaNi9NYWMyNm1sOXBwYlUvTy9PQ2pESHc2N0xXeTlFRm0zR3lOQgpuSVlXbVYvaFg5eXBjRWxaSHNtQkFoeFJWUzU2VWcxODRBMTEvTnl4aWw3VUE3VlgwSVo3blFtNis2alpKZnB2CjVLazZ1cXJYYTkyZ0VIRGhPRytzclNSYTVGMStLa1NGWjV0UFJ6QVFNdjhWQXpZbG94YklEME94d1pSYWt6SXYKcGdhd2lDaEhGRUdjSzBJM1JNL0dKZWdLMkpFQ2hkUzNRQ29mM091K3hydllBMDJoSkVSWnhzYlpaZ3Fpby9uSwpGSXVoSEQyYmtDcjkwMjhCWU1CaEhxQVBtWVhaQWdNQkFBR2pXVEJYTUE0R0ExVWREd0VCL3dRRUF3SUNwREFQCkJnTlZIUk1CQWY4RUJUQURBUUgvTUIwR0ExVWREZ1FXQkJUV3Z0RnEvdmdIaUYrTnpiNFpOMnV5R0Z3VUF6QVYKQmdOVkhSRUVEakFNZ2dwcmRXSmxjbTVsZEdWek1BMEdDU3FHU0liM0RRRUJDd1VBQTRJQkFRRHEzQlNWRUxTQwpOaDZxcUgxdXRhenRmdnNLbHZZZWJST1VWWHI1cTZjS09LQzZmbW1nLzJROUgzbGhISkhqNmNod2VWQy9ZNnhyCjZRT1NMMjBiYVgrR0RkQ2tscUtaYW5TZkwwdVZWT0JDcWpDM3lCR3U4V1ZDbGJBWjlIUGl2QjRWRlhBVlIyclcKbUdNWmloNmNxd1dHcm53YlRaTW5Fd0FXeERocFpXV0c0R21UTUd0UnBHYnBacUFOQ0NvTHV0VHZuWGtCNkdYZgpEL1d6Ym1hNlBnMmFZY201LzVlZ0pSWUVKRkdxVkdVcFg2SnBhSjJCSlRXUzJrdGswdG5qWjRVWm5weEVwYUJDCm5hN1Byd0pGTHczazh6bkVLbm1tUmN3NWtCdXBQUmZBbTdHakJXVlN4UWZmRjBYakdkSUp0bWhlc2pRK3dFcXUKampwWG9wZ1NrS3JFCi0tLS0tRU5EIENFUlRJRklDQVRFLS0tLS0K"
              }
            ],
            "cluster_id": null,
            "created_at": "2024-06-03 17:32:55.207 +0000 UTC",
            "enabled_cluster_log_types": null,
            "encryption_config": [],
            "endpoint": "https://324009DCE3AE01AF06438A3AC3CAA072.gr7.us-west-2.eks.amazonaws.com",
            "id": "example-cluster",
            "identity": [
              {
                "oidc": [
                  {
                    "issuer": "https://oidc.eks.us-west-2.amazonaws.com/id/324009DCE3AE01AF06438A3AC3CAA072"
                  }
                ]
              }
            ],
            "kubernetes_network_config": [
              {
                "ip_family": "ipv4",
                "service_ipv4_cidr": "172.20.0.0/16",
                "service_ipv6_cidr": ""
              }
            ],
            "name": "example-cluster",
            "outpost_config": [],
            "platform_version": "eks.7",
            "role_arn": "arn:aws:iam::891377040865:role/example-role",
            "status": "ACTIVE",
            "tags": null,
            "tags_all": {},
            "timeouts": null,
            "version": "1.29",
            "vpc_config": [
              {
                "cluster_security_group_id": "sg-05730ca63d7894ee9",
                "endpoint_private_access": false,
                "endpoint_public_access": true,
                "public_access_cidrs": [
                  "0.0.0.0/0"
                ],
                "security_group_ids": null,
                "subnet_ids": [
                  "subnet-05048c37da65a7fb4",
                  "subnet-09c05cf5d85f4f621"
                ],
                "vpc_id": "vpc-06197212de914c4e0"
              }
            ]
          },
          "sensitive_attributes": [],
          "private": "eyJlMmJmYjczMC1lY2FhLTExZTYtOGY4OC0zNDM2M2JjN2M0YzAiOnsiY3JlYXRlIjoxODAwMDAwMDAwMDAwLCJkZWxldGUiOjkwMDAwMDAwMDAwMCwidXBkYXRlIjozNjAwMDAwMDAwMDAwfX0=",
          "dependencies": [
            "aws_iam_role.example",
            "aws_subnet.subnet1",
            "aws_subnet.subnet2",
            "aws_vpc.example"
          ]
        }
      ]
    },
    {
      "mode": "managed",
      "type": "aws_iam_role",
      "name": "example",
      "provider": "provider[\"registry.terraform.io/hashicorp/aws\"]",
      "instances": [
        {
          "schema_version": 0,
          "attributes": {
            "arn": "arn:aws:iam::891377040865:role/example-role",
            "assume_role_policy": "{\"Statement\":[{\"Action\":\"sts:AssumeRole\",\"Effect\":\"Allow\",\"Principal\":{\"Service\":\"eks.amazonaws.com\"}}],\"Version\":\"2012-10-17\"}",
            "create_date": "2024-06-03T17:32:52Z",
            "description": "",
            "force_detach_policies": false,
            "id": "example-role",
            "inline_policy": [],
            "managed_policy_arns": [],
            "max_session_duration": 3600,
            "name": "example-role",
            "name_prefix": "",
            "path": "/",
            "permissions_boundary": "",
            "tags": null,
            "tags_all": {},
            "unique_id": "AROA47CRWHXQ4G37IIPNV"
          },
          "sensitive_attributes": [],
          "private": "bnVsbA=="
        }
      ]
    },
    {
      "mode": "managed",
      "type": "aws_iam_role_policy_attachment",
      "name": "example-AmazonEKSClusterPolicy",
      "provider": "provider[\"registry.terraform.io/hashicorp/aws\"]",
      "instances": [
        {
          "schema_version": 0,
          "attributes": {
            "id": "example-role-20240603173254410800000002",
            "policy_arn": "arn:aws:iam::aws:policy/AmazonEKSClusterPolicy",
            "role": "example-role"
          },
          "sensitive_attributes": [],
          "private": "bnVsbA==",
          "dependencies": [
            "aws_iam_role.example"
          ]
        }
      ]
    },
    {
      "mode": "managed",
      "type": "aws_iam_role_policy_attachment",
      "name": "example-AmazonEKSServicePolicy",
      "provider": "provider[\"registry.terraform.io/hashicorp/aws\"]",
      "instances": [
        {
          "schema_version": 0,
          "attributes": {
            "id": "example-role-20240603173254268600000001",
            "policy_arn": "arn:aws:iam::aws:policy/AmazonEKSServicePolicy",
            "role": "example-role"
          },
          "sensitive_attributes": [],
          "private": "bnVsbA==",
          "dependencies": [
            "aws_iam_role.example"
          ]
        }
      ]
    },
    {
      "mode": "managed",
      "type": "aws_subnet",
      "name": "subnet1",
      "provider": "provider[\"registry.terraform.io/hashicorp/aws\"]",
      "instances": [
        {
          "schema_version": 1,
          "attributes": {
            "arn": "arn:aws:ec2:us-west-2:891377040865:subnet/subnet-09c05cf5d85f4f621",
            "assign_ipv6_address_on_creation": false,
            "availability_zone": "us-west-2a",
            "availability_zone_id": "usw2-az2",
            "cidr_block": "10.0.3.0/24",
            "customer_owned_ipv4_pool": "",
            "enable_dns64": false,
            "enable_lni_at_device_index": 0,
            "enable_resource_name_dns_a_record_on_launch": false,
            "enable_resource_name_dns_aaaa_record_on_launch": false,
            "id": "subnet-09c05cf5d85f4f621",
            "ipv6_cidr_block": "",
            "ipv6_cidr_block_association_id": "",
            "ipv6_native": false,
            "map_customer_owned_ip_on_launch": false,
            "map_public_ip_on_launch": false,
            "outpost_arn": "",
            "owner_id": "891377040865",
            "private_dns_hostname_type_on_launch": "ip-name",
            "tags": {},
            "tags_all": {},
            "timeouts": null,
            "vpc_id": "vpc-06197212de914c4e0"
          },
          "sensitive_attributes": [],
          "private": "eyJlMmJmYjczMC1lY2FhLTExZTYtOGY4OC0zNDM2M2JjN2M0YzAiOnsiY3JlYXRlIjo2MDAwMDAwMDAwMDAsImRlbGV0ZSI6MTIwMDAwMDAwMDAwMH0sInNjaGVtYV92ZXJzaW9uIjoiMSJ9",
          "dependencies": [
            "aws_vpc.example"
          ]
        }
      ]
    },
    {
      "mode": "managed",
      "type": "aws_subnet",
      "name": "subnet2",
      "provider": "provider[\"registry.terraform.io/hashicorp/aws\"]",
      "instances": [
        {
          "schema_version": 1,
          "attributes": {
            "arn": "arn:aws:ec2:us-west-2:891377040865:subnet/subnet-05048c37da65a7fb4",
            "assign_ipv6_address_on_creation": false,
            "availability_zone": "us-west-2b",
            "availability_zone_id": "usw2-az1",
            "cidr_block": "10.0.4.0/24",
            "customer_owned_ipv4_pool": "",
            "enable_dns64": false,
            "enable_lni_at_device_index": 0,
            "enable_resource_name_dns_a_record_on_launch": false,
            "enable_resource_name_dns_aaaa_record_on_launch": false,
            "id": "subnet-05048c37da65a7fb4",
            "ipv6_cidr_block": "",
            "ipv6_cidr_block_association_id": "",
            "ipv6_native": false,
            "map_customer_owned_ip_on_launch": false,
            "map_public_ip_on_launch": false,
            "outpost_arn": "",
            "owner_id": "891377040865",
            "private_dns_hostname_type_on_launch": "ip-name",
            "tags": {},
            "tags_all": {},
            "timeouts": null,
            "vpc_id": "vpc-06197212de914c4e0"
          },
          "sensitive_attributes": [],
          "private": "eyJlMmJmYjczMC1lY2FhLTExZTYtOGY4OC0zNDM2M2JjN2M0YzAiOnsiY3JlYXRlIjo2MDAwMDAwMDAwMDAsImRlbGV0ZSI6MTIwMDAwMDAwMDAwMH0sInNjaGVtYV92ZXJzaW9uIjoiMSJ9",
          "dependencies": [
            "aws_vpc.example"
          ]
        }
      ]
    },
    {
      "mode": "managed",
      "type": "aws_vpc",
      "name": "example",
      "provider": "provider[\"registry.terraform.io/hashicorp/aws\"]",
      "instances": [
        {
          "schema_version": 1,
          "attributes": {
            "arn": "arn:aws:ec2:us-west-2:891377040865:vpc/vpc-06197212de914c4e0",
            "assign_generated_ipv6_cidr_block": false,
            "cidr_block": "10.0.0.0/16",
            "default_network_acl_id": "acl-0ec9b4a4e92d9c7c3",
            "default_route_table_id": "rtb-08fe1db9282775436",
            "default_security_group_id": "sg-0254977ddbb01d7ff",
            "dhcp_options_id": "dopt-0332435cca3e690b1",
            "enable_dns_hostnames": false,
            "enable_dns_support": true,
            "enable_network_address_usage_metrics": false,
            "id": "vpc-06197212de914c4e0",
            "instance_tenancy": "default",
            "ipv4_ipam_pool_id": null,
            "ipv4_netmask_length": null,
            "ipv6_association_id": "",
            "ipv6_cidr_block": "",
            "ipv6_cidr_block_network_border_group": "",
            "ipv6_ipam_pool_id": "",
            "ipv6_netmask_length": 0,
            "main_route_table_id": "rtb-08fe1db9282775436",
            "owner_id": "891377040865",
            "tags": {},
            "tags_all": {}
          },
          "sensitive_attributes": [],
          "private": "eyJzY2hlbWFfdmVyc2lvbiI6IjEifQ=="
        }
      ]
    }
  ],
  "check_results": null
}
