{
  "version": 4,
  "terraform_version": "1.8.3",
  "serial": 28,
  "lineage": "b6f17eb5-43ee-26e0-ac1a-c3bf84e91c7c",
  "outputs": {
    "cluster_certificate_authority_data": {
      "value": "LS0tLS1CRUdJTiBDRVJUSUZJQ0FURS0tLS0tCk1JSURCVENDQWUyZ0F3SUJBZ0lJU1p3TzhPSUdtbGN3RFFZSktvWklodmNOQVFFTEJRQXdGVEVUTUJFR0ExVUUKQXhNS2EzVmlaWEp1WlhSbGN6QWVGdzB5TkRBMk1ESXhOakF4TWpSYUZ3MHpOREExTXpFeE5qQTJNalJhTUJVeApFekFSQmdOVkJBTVRDbXQxWW1WeWJtVjBaWE13Z2dFaU1BMEdDU3FHU0liM0RRRUJBUVVBQTRJQkR3QXdnZ0VLCkFvSUJBUUN1QXJ3QU9Ga3BPOXFiTjA0UGpDUXlPN1hNNm1Lb3J0OWhuN1luVVVjN2RoYmgvYWJzV1FqejRtUzYKRWswekpwMUVNYno2ck11SWdET0VvMVk3WkUvd0M3RkQ0akxTeEJZRHlISzNIWlBoWHg4SkJ6bGVJcEU2eU1OcQp5ZFNYWC9NWHJaai9yaG9ScmVxeHpYV1hZTWlGK1dwUVorL3RMWGNuSzkxdUxnbkNkUzk0ZWlLVm91dFhmMzhuCmJvYmNxbi9YeDRTYXYvbnl2VUV3RUplRnI2T000M2tzZjBvVC80OXNmRml1UUNQUWMzNG9ReENpK0k2S0s5dGsKUjdmTFpoR3M0d1Z3RlhTZ3hzbS9TM1NEUHpZRzE0TGlJalRxKzlsUWpkK0FZamNMWlR3Sy9rMkRVNTc4K1BaagpZMjRNdVJlZ1U3MHBCbGdJWlQxbmNGcC9nRHZmQWdNQkFBR2pXVEJYTUE0R0ExVWREd0VCL3dRRUF3SUNwREFQCkJnTlZIUk1CQWY4RUJUQURBUUgvTUIwR0ExVWREZ1FXQkJUMUthUFRDamg2MisrbHFpbFdqSm5nQUo3bGZqQVYKQmdOVkhSRUVEakFNZ2dwcmRXSmxjbTVsZEdWek1BMEdDU3FHU0liM0RRRUJDd1VBQTRJQkFRQUdSK21uUlNoSgpHNjZKQnJtQkhZU2hpSDdjN25ENkVPdTgzV3dmZXlHaHNpQ0hwK25JanAzbVgxT1VTYUIvTWdvY1grZzhUcDhhCkxCUmpQaTBob2xNZXBmOGtmWUd6YUo0NTkwS2plRkp4akJSV3VLSFpRN0NsZk1GR2hZc2pIbnRiODU5VVZtU2UKQUhHKytyMEIxdkRlb3h3YWVDbm9MMU1zcXI0SHF5RzBRQWdYUVg5QWdibkRmT3A3a0ZiZjVYRktJOHFUbG50bApXeXRjenA2SUc2QjZLUjRLc0gvcVBiMm8zdS9xTy9tQ1dUSWhxUWtPcGRDbklzUFZ1b3k3cFNFSnNDSWVDNnd1Ck1BeDJ1RW4yK3NPREhHVUJFMGN6N0NtelVJenMxcm1JbmdKbHZoTmJFc3RXN3RPWEpEQ2YwTUdoUUd3dFBPUDkKSmM5MnN2K1Fnc1NnCi0tLS0tRU5EIENFUlRJRklDQVRFLS0tLS0K",
      "type": "string"
    },
    "cluster_endpoint": {
      "value": "https://97CDBA615AE1CA460D4E6F05B3B9B4BD.gr7.us-west-2.eks.amazonaws.com",
      "type": "string"
    }
  },
  "resources": [
    {
      "mode": "managed",
      "type": "aws_eks_cluster",
      "name": "example",
      "provider": "provider[\"registry.terraform.io/hashicorp/aws\"]",
      "instances": [
        {
          "schema_version": 0,
          "attributes": {
            "access_config": [
              {
                "authentication_mode": "CONFIG_MAP",
                "bootstrap_cluster_creator_admin_permissions": false
              }
            ],
            "arn": "arn:aws:eks:us-west-2:891377040865:cluster/example-cluster",
            "certificate_authority": [
              {
                "data": "LS0tLS1CRUdJTiBDRVJUSUZJQ0FURS0tLS0tCk1JSURCVENDQWUyZ0F3SUJBZ0lJU1p3TzhPSUdtbGN3RFFZSktvWklodmNOQVFFTEJRQXdGVEVUTUJFR0ExVUUKQXhNS2EzVmlaWEp1WlhSbGN6QWVGdzB5TkRBMk1ESXhOakF4TWpSYUZ3MHpOREExTXpFeE5qQTJNalJhTUJVeApFekFSQmdOVkJBTVRDbXQxWW1WeWJtVjBaWE13Z2dFaU1BMEdDU3FHU0liM0RRRUJBUVVBQTRJQkR3QXdnZ0VLCkFvSUJBUUN1QXJ3QU9Ga3BPOXFiTjA0UGpDUXlPN1hNNm1Lb3J0OWhuN1luVVVjN2RoYmgvYWJzV1FqejRtUzYKRWswekpwMUVNYno2ck11SWdET0VvMVk3WkUvd0M3RkQ0akxTeEJZRHlISzNIWlBoWHg4SkJ6bGVJcEU2eU1OcQp5ZFNYWC9NWHJaai9yaG9ScmVxeHpYV1hZTWlGK1dwUVorL3RMWGNuSzkxdUxnbkNkUzk0ZWlLVm91dFhmMzhuCmJvYmNxbi9YeDRTYXYvbnl2VUV3RUplRnI2T000M2tzZjBvVC80OXNmRml1UUNQUWMzNG9ReENpK0k2S0s5dGsKUjdmTFpoR3M0d1Z3RlhTZ3hzbS9TM1NEUHpZRzE0TGlJalRxKzlsUWpkK0FZamNMWlR3Sy9rMkRVNTc4K1BaagpZMjRNdVJlZ1U3MHBCbGdJWlQxbmNGcC9nRHZmQWdNQkFBR2pXVEJYTUE0R0ExVWREd0VCL3dRRUF3SUNwREFQCkJnTlZIUk1CQWY4RUJUQURBUUgvTUIwR0ExVWREZ1FXQkJUMUthUFRDamg2MisrbHFpbFdqSm5nQUo3bGZqQVYKQmdOVkhSRUVEakFNZ2dwcmRXSmxjbTVsZEdWek1BMEdDU3FHU0liM0RRRUJDd1VBQTRJQkFRQUdSK21uUlNoSgpHNjZKQnJtQkhZU2hpSDdjN25ENkVPdTgzV3dmZXlHaHNpQ0hwK25JanAzbVgxT1VTYUIvTWdvY1grZzhUcDhhCkxCUmpQaTBob2xNZXBmOGtmWUd6YUo0NTkwS2plRkp4akJSV3VLSFpRN0NsZk1GR2hZc2pIbnRiODU5VVZtU2UKQUhHKytyMEIxdkRlb3h3YWVDbm9MMU1zcXI0SHF5RzBRQWdYUVg5QWdibkRmT3A3a0ZiZjVYRktJOHFUbG50bApXeXRjenA2SUc2QjZLUjRLc0gvcVBiMm8zdS9xTy9tQ1dUSWhxUWtPcGRDbklzUFZ1b3k3cFNFSnNDSWVDNnd1Ck1BeDJ1RW4yK3NPREhHVUJFMGN6N0NtelVJenMxcm1JbmdKbHZoTmJFc3RXN3RPWEpEQ2YwTUdoUUd3dFBPUDkKSmM5MnN2K1Fnc1NnCi0tLS0tRU5EIENFUlRJRklDQVRFLS0tLS0K"
              }
            ],
            "cluster_id": null,
            "created_at": "2024-06-02 16:01:38.608 +0000 UTC",
            "enabled_cluster_log_types": null,
            "encryption_config": [],
            "endpoint": "https://97CDBA615AE1CA460D4E6F05B3B9B4BD.gr7.us-west-2.eks.amazonaws.com",
            "id": "example-cluster",
            "identity": [
              {
                "oidc": [
                  {
                    "issuer": "https://oidc.eks.us-west-2.amazonaws.com/id/97CDBA615AE1CA460D4E6F05B3B9B4BD"
                  }
                ]
              }
            ],
            "kubernetes_network_config": [
              {
                "ip_family": "ipv4",
                "service_ipv4_cidr": "172.20.0.0/16",
                "service_ipv6_cidr": ""
              }
            ],
            "name": "example-cluster",
            "outpost_config": [],
            "platform_version": "eks.7",
            "role_arn": "arn:aws:iam::891377040865:role/example-role",
            "status": "ACTIVE",
            "tags": null,
            "tags_all": {},
            "timeouts": null,
            "version": "1.29",
            "vpc_config": [
              {
                "cluster_security_group_id": "sg-0e66ae9294cb0a491",
                "endpoint_private_access": false,
                "endpoint_public_access": true,
                "public_access_cidrs": [
                  "0.0.0.0/0"
                ],
                "security_group_ids": null,
                "subnet_ids": [
                  "subnet-05048c37da65a7fb4",
                  "subnet-09c05cf5d85f4f621"
                ],
                "vpc_id": "vpc-06197212de914c4e0"
              }
            ]
          },
          "sensitive_attributes": [],
          "private": "eyJlMmJmYjczMC1lY2FhLTExZTYtOGY4OC0zNDM2M2JjN2M0YzAiOnsiY3JlYXRlIjoxODAwMDAwMDAwMDAwLCJkZWxldGUiOjkwMDAwMDAwMDAwMCwidXBkYXRlIjozNjAwMDAwMDAwMDAwfX0=",
          "dependencies": [
            "aws_iam_role.example",
            "aws_subnet.subnet1",
            "aws_subnet.subnet2",
            "aws_vpc.example"
          ]
        }
      ]
    },
    {
      "mode": "managed",
      "type": "aws_iam_role",
      "name": "example",
      "provider": "provider[\"registry.terraform.io/hashicorp/aws\"]",
      "instances": [
        {
          "schema_version": 0,
          "attributes": {
            "arn": "arn:aws:iam::891377040865:role/example-role",
            "assume_role_policy": "{\"Statement\":[{\"Action\":\"sts:AssumeRole\",\"Effect\":\"Allow\",\"Principal\":{\"Service\":\"eks.amazonaws.com\"}}],\"Version\":\"2012-10-17\"}",
            "create_date": "2024-06-02T15:55:58Z",
            "description": "",
            "force_detach_policies": false,
            "id": "example-role",
            "inline_policy": [],
            "managed_policy_arns": [
              "arn:aws:iam::aws:policy/AmazonEKSClusterPolicy",
              "arn:aws:iam::aws:policy/AmazonEKSServicePolicy"
            ],
            "max_session_duration": 3600,
            "name": "example-role",
            "name_prefix": "",
            "path": "/",
            "permissions_boundary": "",
            "tags": {},
            "tags_all": {},
            "unique_id": "AROA47CRWHXQWNBEDPUSR"
          },
          "sensitive_attributes": [],
          "private": "bnVsbA=="
        }
      ]
    },
    {
      "mode": "managed",
      "type": "aws_iam_role_policy_attachment",
      "name": "example-AmazonEKSClusterPolicy",
      "provider": "provider[\"registry.terraform.io/hashicorp/aws\"]",
      "instances": [
        {
          "schema_version": 0,
          "attributes": {
            "id": "example-role-20240602155601341700000001",
            "policy_arn": "arn:aws:iam::aws:policy/AmazonEKSClusterPolicy",
            "role": "example-role"
          },
          "sensitive_attributes": [],
          "private": "bnVsbA==",
          "dependencies": [
            "aws_iam_role.example"
          ]
        }
      ]
    },
    {
      "mode": "managed",
      "type": "aws_iam_role_policy_attachment",
      "name": "example-AmazonEKSServicePolicy",
      "provider": "provider[\"registry.terraform.io/hashicorp/aws\"]",
      "instances": [
        {
          "schema_version": 0,
          "attributes": {
            "id": "example-role-20240602155924123800000001",
            "policy_arn": "arn:aws:iam::aws:policy/AmazonEKSServicePolicy",
            "role": "example-role"
          },
          "sensitive_attributes": [],
          "private": "bnVsbA==",
          "dependencies": [
            "aws_iam_role.example"
          ]
        }
      ]
    },
    {
      "mode": "managed",
      "type": "aws_subnet",
      "name": "subnet1",
      "provider": "provider[\"registry.terraform.io/hashicorp/aws\"]",
      "instances": [
        {
          "schema_version": 1,
          "attributes": {
            "arn": "arn:aws:ec2:us-west-2:891377040865:subnet/subnet-09c05cf5d85f4f621",
            "assign_ipv6_address_on_creation": false,
            "availability_zone": "us-west-2a",
            "availability_zone_id": "usw2-az2",
            "cidr_block": "10.0.3.0/24",
            "customer_owned_ipv4_pool": "",
            "enable_dns64": false,
            "enable_lni_at_device_index": 0,
            "enable_resource_name_dns_a_record_on_launch": false,
            "enable_resource_name_dns_aaaa_record_on_launch": false,
            "id": "subnet-09c05cf5d85f4f621",
            "ipv6_cidr_block": "",
            "ipv6_cidr_block_association_id": "",
            "ipv6_native": false,
            "map_customer_owned_ip_on_launch": false,
            "map_public_ip_on_launch": false,
            "outpost_arn": "",
            "owner_id": "891377040865",
            "private_dns_hostname_type_on_launch": "ip-name",
            "tags": null,
            "tags_all": {},
            "timeouts": null,
            "vpc_id": "vpc-06197212de914c4e0"
          },
          "sensitive_attributes": [],
          "private": "eyJlMmJmYjczMC1lY2FhLTExZTYtOGY4OC0zNDM2M2JjN2M0YzAiOnsiY3JlYXRlIjo2MDAwMDAwMDAwMDAsImRlbGV0ZSI6MTIwMDAwMDAwMDAwMH0sInNjaGVtYV92ZXJzaW9uIjoiMSJ9",
          "dependencies": [
            "aws_vpc.example"
          ]
        }
      ]
    },
    {
      "mode": "managed",
      "type": "aws_subnet",
      "name": "subnet2",
      "provider": "provider[\"registry.terraform.io/hashicorp/aws\"]",
      "instances": [
        {
          "schema_version": 1,
          "attributes": {
            "arn": "arn:aws:ec2:us-west-2:891377040865:subnet/subnet-05048c37da65a7fb4",
            "assign_ipv6_address_on_creation": false,
            "availability_zone": "us-west-2b",
            "availability_zone_id": "usw2-az1",
            "cidr_block": "10.0.4.0/24",
            "customer_owned_ipv4_pool": "",
            "enable_dns64": false,
            "enable_lni_at_device_index": 0,
            "enable_resource_name_dns_a_record_on_launch": false,
            "enable_resource_name_dns_aaaa_record_on_launch": false,
            "id": "subnet-05048c37da65a7fb4",
            "ipv6_cidr_block": "",
            "ipv6_cidr_block_association_id": "",
            "ipv6_native": false,
            "map_customer_owned_ip_on_launch": false,
            "map_public_ip_on_launch": false,
            "outpost_arn": "",
            "owner_id": "891377040865",
            "private_dns_hostname_type_on_launch": "ip-name",
            "tags": null,
            "tags_all": {},
            "timeouts": null,
            "vpc_id": "vpc-06197212de914c4e0"
          },
          "sensitive_attributes": [],
          "private": "eyJlMmJmYjczMC1lY2FhLTExZTYtOGY4OC0zNDM2M2JjN2M0YzAiOnsiY3JlYXRlIjo2MDAwMDAwMDAwMDAsImRlbGV0ZSI6MTIwMDAwMDAwMDAwMH0sInNjaGVtYV92ZXJzaW9uIjoiMSJ9",
          "dependencies": [
            "aws_vpc.example"
          ]
        }
      ]
    },
    {
      "mode": "managed",
      "type": "aws_vpc",
      "name": "example",
      "provider": "provider[\"registry.terraform.io/hashicorp/aws\"]",
      "instances": [
        {
          "schema_version": 1,
          "attributes": {
            "arn": "arn:aws:ec2:us-west-2:891377040865:vpc/vpc-06197212de914c4e0",
            "assign_generated_ipv6_cidr_block": false,
            "cidr_block": "10.0.0.0/16",
            "default_network_acl_id": "acl-0ec9b4a4e92d9c7c3",
            "default_route_table_id": "rtb-08fe1db9282775436",
            "default_security_group_id": "sg-0254977ddbb01d7ff",
            "dhcp_options_id": "dopt-0332435cca3e690b1",
            "enable_dns_hostnames": false,
            "enable_dns_support": true,
            "enable_network_address_usage_metrics": false,
            "id": "vpc-06197212de914c4e0",
            "instance_tenancy": "default",
            "ipv4_ipam_pool_id": null,
            "ipv4_netmask_length": null,
            "ipv6_association_id": "",
            "ipv6_cidr_block": "",
            "ipv6_cidr_block_network_border_group": "",
            "ipv6_ipam_pool_id": "",
            "ipv6_netmask_length": 0,
            "main_route_table_id": "rtb-08fe1db9282775436",
            "owner_id": "891377040865",
            "tags": {},
            "tags_all": {}
          },
          "sensitive_attributes": [],
          "private": "eyJzY2hlbWFfdmVyc2lvbiI6IjEifQ=="
        }
      ]
    }
  ],
  "check_results": null
}
